
Microsoft Visual Studio Solution File, Format Version 11.00
# Visual Studio 2010
Project("{F14B399A-7131-4C87-9E4B-1186C45EF12D}") = "Reports", "Reports.rptproj", "{641E6A07-794E-452E-B321-D5CB3D044312}"
EndProject
Global
	GlobalSection(SolutionConfigurationPlatforms) = preSolution
		Debug|Default = Debug|Default
		DebugLocal|Default = DebugLocal|Default
		Release|Default = Release|Default
	EndGlobalSection
	GlobalSection(ProjectConfigurationPlatforms) = postSolution
		{641E6A07-794E-452E-B321-D5CB3D044312}.Debug|Default.ActiveCfg = Debug
		{641E6A07-794E-452E-B321-D5CB3D044312}.Debug|Default.Build.0 = DebugLocal
		{641E6A07-794E-452E-B321-D5CB3D044312}.Debug|Default.Deploy.0 = DebugLocal
		{641E6A07-794E-452E-B321-D5CB3D044312}.DebugLocal|Default.ActiveCfg = DebugLocal
		{641E6A07-794E-452E-B321-D5CB3D044312}.DebugLocal|Default.Build.0 = DebugLocal
		{641E6A07-794E-452E-B321-D5CB3D044312}.DebugLocal|Default.Deploy.0 = DebugLocal
		{641E6A07-794E-452E-B321-D5CB3D044312}.Release|Default.ActiveCfg = Release
		{641E6A07-794E-452E-B321-D5CB3D044312}.Release|Default.Build.0 = Release
		{641E6A07-794E-452E-B321-D5CB3D044312}.Release|Default.Deploy.0 = Release
	EndGlobalSection
	GlobalSection(SolutionProperties) = preSolution
		HideSolutionNode = FALSE
	EndGlobalSection
EndGlobal
